
Microsoft Visual Studio Solution File, Format Version 12.00
# Visual Studio Version 16
VisualStudioVersion = 16.0.28315.86
MinimumVisualStudioVersion = 10.0.40219.1
Project("{2150E333-8FDC-42A3-9474-1A3956D46DE8}") = "Engine", "Engine", "{020B1DC6-29B3-457C-89C6-8D7FB6906709}"
EndProject
Project("{2150E333-8FDC-42A3-9474-1A3956D46DE8}") = "Games", "Games", "{A36B1E02-B081-43AB-8559-042802A5923C}"
EndProject
Project("{8BC9CEB8-8B4A-11D0-8D11-00A0C91BC942}") = "Jinn", "Intermediate\ProjectFiles\Jinn.vcxproj", "{3D3B82B9-D27D-467C-A59B-173BE4D6DD57}"
EndProject
Project("{8BC9CEB8-8B4A-11D0-8D11-00A0C91BC942}") = "UE4", "Intermediate\ProjectFiles\UE4.vcxproj", "{D1812D41-4902-4DC4-8F2B-B04CC543B0EC}"
EndProject
Project("{2150E333-8FDC-42A3-9474-1A3956D46DE8}") = "Visualizers", "Visualizers", "{18BCF90C-327F-43BB-AF4A-8C9E98C61426}"
	ProjectSection(SolutionItems) = preProject
		D:\Games\Epic\UE_4.22\Engine\Extras\VisualStudioDebugging\UE4.natvis = D:\Games\Epic\UE_4.22\Engine\Extras\VisualStudioDebugging\UE4.natvis
	EndProjectSection
EndProject
Global
	GlobalSection(SolutionConfigurationPlatforms) = preSolution
		DebugGame Editor|HTML5 = DebugGame Editor|HTML5
		DebugGame Editor|IOS = DebugGame Editor|IOS
		DebugGame Editor|Win32 = DebugGame Editor|Win32
		DebugGame Editor|Win64 = DebugGame Editor|Win64
		DebugGame|HTML5 = DebugGame|HTML5
		DebugGame|IOS = DebugGame|IOS
		DebugGame|Win32 = DebugGame|Win32
		DebugGame|Win64 = DebugGame|Win64
		Development Editor|HTML5 = Development Editor|HTML5
		Development Editor|IOS = Development Editor|IOS
		Development Editor|Win32 = Development Editor|Win32
		Development Editor|Win64 = Development Editor|Win64
		Development|HTML5 = Development|HTML5
		Development|IOS = Development|IOS
		Development|Win32 = Development|Win32
		Development|Win64 = Development|Win64
		Shipping|HTML5 = Shipping|HTML5
		Shipping|IOS = Shipping|IOS
		Shipping|Win32 = Shipping|Win32
		Shipping|Win64 = Shipping|Win64
	EndGlobalSection
	GlobalSection(ProjectConfigurationPlatforms) = postSolution
		{3D3B82B9-D27D-467C-A59B-173BE4D6DD57}.DebugGame Editor|HTML5.ActiveCfg = Invalid|Win32
		{3D3B82B9-D27D-467C-A59B-173BE4D6DD57}.DebugGame Editor|IOS.ActiveCfg = Invalid|Win32
		{3D3B82B9-D27D-467C-A59B-173BE4D6DD57}.DebugGame Editor|Win32.ActiveCfg = Invalid|Win32
		{3D3B82B9-D27D-467C-A59B-173BE4D6DD57}.DebugGame Editor|Win64.ActiveCfg = DebugGame_Editor|x64
		{3D3B82B9-D27D-467C-A59B-173BE4D6DD57}.DebugGame Editor|Win64.Build.0 = DebugGame_Editor|x64
		{3D3B82B9-D27D-467C-A59B-173BE4D6DD57}.DebugGame|HTML5.ActiveCfg = HTML5_DebugGame|Win32
		{3D3B82B9-D27D-467C-A59B-173BE4D6DD57}.DebugGame|HTML5.Build.0 = HTML5_DebugGame|Win32
		{3D3B82B9-D27D-467C-A59B-173BE4D6DD57}.DebugGame|IOS.ActiveCfg = IOS_DebugGame|Win32
		{3D3B82B9-D27D-467C-A59B-173BE4D6DD57}.DebugGame|IOS.Build.0 = IOS_DebugGame|Win32
		{3D3B82B9-D27D-467C-A59B-173BE4D6DD57}.DebugGame|Win32.ActiveCfg = DebugGame|Win32
		{3D3B82B9-D27D-467C-A59B-173BE4D6DD57}.DebugGame|Win32.Build.0 = DebugGame|Win32
		{3D3B82B9-D27D-467C-A59B-173BE4D6DD57}.DebugGame|Win64.ActiveCfg = DebugGame|x64
		{3D3B82B9-D27D-467C-A59B-173BE4D6DD57}.DebugGame|Win64.Build.0 = DebugGame|x64
		{3D3B82B9-D27D-467C-A59B-173BE4D6DD57}.Development Editor|HTML5.ActiveCfg = Invalid|Win32
		{3D3B82B9-D27D-467C-A59B-173BE4D6DD57}.Development Editor|IOS.ActiveCfg = Invalid|Win32
		{3D3B82B9-D27D-467C-A59B-173BE4D6DD57}.Development Editor|Win32.ActiveCfg = Invalid|Win32
		{3D3B82B9-D27D-467C-A59B-173BE4D6DD57}.Development Editor|Win64.ActiveCfg = Development_Editor|x64
		{3D3B82B9-D27D-467C-A59B-173BE4D6DD57}.Development Editor|Win64.Build.0 = Development_Editor|x64
		{3D3B82B9-D27D-467C-A59B-173BE4D6DD57}.Development|HTML5.ActiveCfg = HTML5_Development|Win32
		{3D3B82B9-D27D-467C-A59B-173BE4D6DD57}.Development|HTML5.Build.0 = HTML5_Development|Win32
		{3D3B82B9-D27D-467C-A59B-173BE4D6DD57}.Development|IOS.ActiveCfg = IOS_Development|Win32
		{3D3B82B9-D27D-467C-A59B-173BE4D6DD57}.Development|IOS.Build.0 = IOS_Development|Win32
		{3D3B82B9-D27D-467C-A59B-173BE4D6DD57}.Development|Win32.ActiveCfg = Development|Win32
		{3D3B82B9-D27D-467C-A59B-173BE4D6DD57}.Development|Win32.Build.0 = Development|Win32
		{3D3B82B9-D27D-467C-A59B-173BE4D6DD57}.Development|Win64.ActiveCfg = Development|x64
		{3D3B82B9-D27D-467C-A59B-173BE4D6DD57}.Development|Win64.Build.0 = Development|x64
		{3D3B82B9-D27D-467C-A59B-173BE4D6DD57}.Shipping|HTML5.ActiveCfg = HTML5_Shipping|Win32
		{3D3B82B9-D27D-467C-A59B-173BE4D6DD57}.Shipping|HTML5.Build.0 = HTML5_Shipping|Win32
		{3D3B82B9-D27D-467C-A59B-173BE4D6DD57}.Shipping|IOS.ActiveCfg = IOS_Shipping|Win32
		{3D3B82B9-D27D-467C-A59B-173BE4D6DD57}.Shipping|IOS.Build.0 = IOS_Shipping|Win32
		{3D3B82B9-D27D-467C-A59B-173BE4D6DD57}.Shipping|Win32.ActiveCfg = Shipping|Win32
		{3D3B82B9-D27D-467C-A59B-173BE4D6DD57}.Shipping|Win32.Build.0 = Shipping|Win32
		{3D3B82B9-D27D-467C-A59B-173BE4D6DD57}.Shipping|Win64.ActiveCfg = Shipping|x64
		{3D3B82B9-D27D-467C-A59B-173BE4D6DD57}.Shipping|Win64.Build.0 = Shipping|x64
		{D1812D41-4902-4DC4-8F2B-B04CC543B0EC}.DebugGame Editor|HTML5.ActiveCfg = BuiltWithUnrealBuildTool|Win32
		{D1812D41-4902-4DC4-8F2B-B04CC543B0EC}.DebugGame Editor|IOS.ActiveCfg = BuiltWithUnrealBuildTool|Win32
		{D1812D41-4902-4DC4-8F2B-B04CC543B0EC}.DebugGame Editor|Win32.ActiveCfg = BuiltWithUnrealBuildTool|Win32
		{D1812D41-4902-4DC4-8F2B-B04CC543B0EC}.DebugGame Editor|Win64.ActiveCfg = BuiltWithUnrealBuildTool|Win32
		{D1812D41-4902-4DC4-8F2B-B04CC543B0EC}.DebugGame|HTML5.ActiveCfg = BuiltWithUnrealBuildTool|Win32
		{D1812D41-4902-4DC4-8F2B-B04CC543B0EC}.DebugGame|IOS.ActiveCfg = BuiltWithUnrealBuildTool|Win32
		{D1812D41-4902-4DC4-8F2B-B04CC543B0EC}.DebugGame|Win32.ActiveCfg = BuiltWithUnrealBuildTool|Win32
		{D1812D41-4902-4DC4-8F2B-B04CC543B0EC}.DebugGame|Win64.ActiveCfg = BuiltWithUnrealBuildTool|Win32
		{D1812D41-4902-4DC4-8F2B-B04CC543B0EC}.Development Editor|HTML5.ActiveCfg = BuiltWithUnrealBuildTool|Win32
		{D1812D41-4902-4DC4-8F2B-B04CC543B0EC}.Development Editor|IOS.ActiveCfg = BuiltWithUnrealBuildTool|Win32
		{D1812D41-4902-4DC4-8F2B-B04CC543B0EC}.Development Editor|Win32.ActiveCfg = BuiltWithUnrealBuildTool|Win32
		{D1812D41-4902-4DC4-8F2B-B04CC543B0EC}.Development Editor|Win64.ActiveCfg = BuiltWithUnrealBuildTool|Win32
		{D1812D41-4902-4DC4-8F2B-B04CC543B0EC}.Development|HTML5.ActiveCfg = BuiltWithUnrealBuildTool|Win32
		{D1812D41-4902-4DC4-8F2B-B04CC543B0EC}.Development|IOS.ActiveCfg = BuiltWithUnrealBuildTool|Win32
		{D1812D41-4902-4DC4-8F2B-B04CC543B0EC}.Development|Win32.ActiveCfg = BuiltWithUnrealBuildTool|Win32
		{D1812D41-4902-4DC4-8F2B-B04CC543B0EC}.Development|Win64.ActiveCfg = BuiltWithUnrealBuildTool|Win32
		{D1812D41-4902-4DC4-8F2B-B04CC543B0EC}.Shipping|HTML5.ActiveCfg = BuiltWithUnrealBuildTool|Win32
		{D1812D41-4902-4DC4-8F2B-B04CC543B0EC}.Shipping|IOS.ActiveCfg = BuiltWithUnrealBuildTool|Win32
		{D1812D41-4902-4DC4-8F2B-B04CC543B0EC}.Shipping|Win32.ActiveCfg = BuiltWithUnrealBuildTool|Win32
		{D1812D41-4902-4DC4-8F2B-B04CC543B0EC}.Shipping|Win64.ActiveCfg = BuiltWithUnrealBuildTool|Win32
	EndGlobalSection
	GlobalSection(SolutionProperties) = preSolution
		HideSolutionNode = FALSE
	EndGlobalSection
	GlobalSection(NestedProjects) = preSolution
		{D1812D41-4902-4DC4-8F2B-B04CC543B0EC} = {020B1DC6-29B3-457C-89C6-8D7FB6906709}
		{3D3B82B9-D27D-467C-A59B-173BE4D6DD57} = {A36B1E02-B081-43AB-8559-042802A5923C}
	EndGlobalSection
EndGlobal
